
Microsoft Visual Studio Solution File, Format Version 11.00
# Visual Studio 2010
Project("{FAE04EC0-301F-11D3-BF4B-00C04F79EFBC}") = "Sinbadsoft.Lib.Model", "Sinbadsoft.Lib.Model\Sinbadsoft.Lib.Model.csproj", "{F3865B03-1FCF-420D-890C-91BD54F5DA01}"
EndProject
Project("{FAE04EC0-301F-11D3-BF4B-00C04F79EFBC}") = "Sinbadsoft.Lib.Model.Tests", "Sinbadsoft.Lib.Model.Tests\Sinbadsoft.Lib.Model.Tests.csproj", "{5797EDE0-E786-46A7-9291-F7D9F1172375}"
EndProject
Project("{2150E333-8FDC-42A3-9474-1A3956D46DE8}") = "Tests", "Tests", "{B419BC23-F120-4B63-840D-4FD2D1376E14}"
EndProject
Global
	GlobalSection(SolutionConfigurationPlatforms) = preSolution
		Debug|Any CPU = Debug|Any CPU
		Release|Any CPU = Release|Any CPU
	EndGlobalSection
	GlobalSection(ProjectConfigurationPlatforms) = postSolution
		{F3865B03-1FCF-420D-890C-91BD54F5DA01}.Debug|Any CPU.ActiveCfg = Debug|Any CPU
		{F3865B03-1FCF-420D-890C-91BD54F5DA01}.Debug|Any CPU.Build.0 = Debug|Any CPU
		{F3865B03-1FCF-420D-890C-91BD54F5DA01}.Release|Any CPU.ActiveCfg = Release|Any CPU
		{F3865B03-1FCF-420D-890C-91BD54F5DA01}.Release|Any CPU.Build.0 = Release|Any CPU
		{5797EDE0-E786-46A7-9291-F7D9F1172375}.Debug|Any CPU.ActiveCfg = Debug|Any CPU
		{5797EDE0-E786-46A7-9291-F7D9F1172375}.Debug|Any CPU.Build.0 = Debug|Any CPU
		{5797EDE0-E786-46A7-9291-F7D9F1172375}.Release|Any CPU.ActiveCfg = Release|Any CPU
		{5797EDE0-E786-46A7-9291-F7D9F1172375}.Release|Any CPU.Build.0 = Release|Any CPU
	EndGlobalSection
	GlobalSection(SolutionProperties) = preSolution
		HideSolutionNode = FALSE
	EndGlobalSection
	GlobalSection(NestedProjects) = preSolution
		{5797EDE0-E786-46A7-9291-F7D9F1172375} = {B419BC23-F120-4B63-840D-4FD2D1376E14}
	EndGlobalSection
EndGlobal
